
Microsoft Visual Studio Solution File, Format Version 12.00
# Visual Studio 15
VisualStudioVersion = 15.0.28307.1231
MinimumVisualStudioVersion = 10.0.40219.1
Project("{8BC9CEB8-8B4A-11D0-8D11-00A0C91BC942}") = "injector", "injector\injector.vcxproj", "{C9179205-91BF-49A4-8A8B-8EF0CB48127A}"
EndProject
Project("{8BC9CEB8-8B4A-11D0-8D11-00A0C91BC942}") = "payload", "payload\payload.vcxproj", "{1DFE81A2-BD1A-46EA-874D-05E60D188A7A}"
EndProject
Project("{FAE04EC0-301F-11D3-BF4B-00C04F79EFBC}") = "target", "target\target.csproj", "{925FCB0F-8B97-4EDC-9DEE-3BCD1D473428}"
EndProject
Global
	GlobalSection(SolutionConfigurationPlatforms) = preSolution
		Debug|Any CPU = Debug|Any CPU
		Debug|x64 = Debug|x64
		Debug|x86 = Debug|x86
		Release|Any CPU = Release|Any CPU
		Release|x64 = Release|x64
		Release|x86 = Release|x86
	EndGlobalSection
	GlobalSection(ProjectConfigurationPlatforms) = postSolution
		{C9179205-91BF-49A4-8A8B-8EF0CB48127A}.Debug|Any CPU.ActiveCfg = Debug|Win32
		{C9179205-91BF-49A4-8A8B-8EF0CB48127A}.Debug|x64.ActiveCfg = Debug|x64
		{C9179205-91BF-49A4-8A8B-8EF0CB48127A}.Debug|x64.Build.0 = Debug|x64
		{C9179205-91BF-49A4-8A8B-8EF0CB48127A}.Debug|x86.ActiveCfg = Debug|Win32
		{C9179205-91BF-49A4-8A8B-8EF0CB48127A}.Debug|x86.Build.0 = Debug|Win32
		{C9179205-91BF-49A4-8A8B-8EF0CB48127A}.Release|Any CPU.ActiveCfg = Release|Win32
		{C9179205-91BF-49A4-8A8B-8EF0CB48127A}.Release|x64.ActiveCfg = Release|x64
		{C9179205-91BF-49A4-8A8B-8EF0CB48127A}.Release|x64.Build.0 = Release|x64
		{C9179205-91BF-49A4-8A8B-8EF0CB48127A}.Release|x86.ActiveCfg = Release|Win32
		{C9179205-91BF-49A4-8A8B-8EF0CB48127A}.Release|x86.Build.0 = Release|Win32
		{1DFE81A2-BD1A-46EA-874D-05E60D188A7A}.Debug|Any CPU.ActiveCfg = Debug|Win32
		{1DFE81A2-BD1A-46EA-874D-05E60D188A7A}.Debug|x64.ActiveCfg = Debug|x64
		{1DFE81A2-BD1A-46EA-874D-05E60D188A7A}.Debug|x64.Build.0 = Debug|x64
		{1DFE81A2-BD1A-46EA-874D-05E60D188A7A}.Debug|x86.ActiveCfg = Debug|Win32
		{1DFE81A2-BD1A-46EA-874D-05E60D188A7A}.Debug|x86.Build.0 = Debug|Win32
		{1DFE81A2-BD1A-46EA-874D-05E60D188A7A}.Release|Any CPU.ActiveCfg = Release|Win32
		{1DFE81A2-BD1A-46EA-874D-05E60D188A7A}.Release|x64.ActiveCfg = Release|x64
		{1DFE81A2-BD1A-46EA-874D-05E60D188A7A}.Release|x64.Build.0 = Release|x64
		{1DFE81A2-BD1A-46EA-874D-05E60D188A7A}.Release|x86.ActiveCfg = Release|Win32
		{1DFE81A2-BD1A-46EA-874D-05E60D188A7A}.Release|x86.Build.0 = Release|Win32
		{925FCB0F-8B97-4EDC-9DEE-3BCD1D473428}.Debug|Any CPU.ActiveCfg = Debug|Any CPU
		{925FCB0F-8B97-4EDC-9DEE-3BCD1D473428}.Debug|Any CPU.Build.0 = Debug|Any CPU
		{925FCB0F-8B97-4EDC-9DEE-3BCD1D473428}.Debug|x64.ActiveCfg = Debug|Any CPU
		{925FCB0F-8B97-4EDC-9DEE-3BCD1D473428}.Debug|x64.Build.0 = Debug|Any CPU
		{925FCB0F-8B97-4EDC-9DEE-3BCD1D473428}.Debug|x86.ActiveCfg = Debug|Any CPU
		{925FCB0F-8B97-4EDC-9DEE-3BCD1D473428}.Debug|x86.Build.0 = Debug|Any CPU
		{925FCB0F-8B97-4EDC-9DEE-3BCD1D473428}.Release|Any CPU.ActiveCfg = Release|Any CPU
		{925FCB0F-8B97-4EDC-9DEE-3BCD1D473428}.Release|Any CPU.Build.0 = Release|Any CPU
		{925FCB0F-8B97-4EDC-9DEE-3BCD1D473428}.Release|x64.ActiveCfg = Release|Any CPU
		{925FCB0F-8B97-4EDC-9DEE-3BCD1D473428}.Release|x64.Build.0 = Release|Any CPU
		{925FCB0F-8B97-4EDC-9DEE-3BCD1D473428}.Release|x86.ActiveCfg = Release|Any CPU
		{925FCB0F-8B97-4EDC-9DEE-3BCD1D473428}.Release|x86.Build.0 = Release|Any CPU
	EndGlobalSection
	GlobalSection(SolutionProperties) = preSolution
		HideSolutionNode = FALSE
	EndGlobalSection
	GlobalSection(ExtensibilityGlobals) = postSolution
		SolutionGuid = {39E41F17-BF3E-4B33-8086-F7F73B84B965}
	EndGlobalSection
EndGlobal
